
Microsoft Visual Studio Solution File, Format Version 12.00
# Visual Studio Version 17
VisualStudioVersion = 17.8.34330.188
MinimumVisualStudioVersion = 10.0.40219.1
Project("{9A19103F-16F7-4668-BE54-9A1E7A4F7556}") = "BlazorBalta", "BlazorBalta\BlazorBalta.csproj", "{632BA3B8-31D8-4FA4-86F3-AFD4E4B53A48}"
EndProject
Global
	GlobalSection(SolutionConfigurationPlatforms) = preSolution
		Debug|Any CPU = Debug|Any CPU
		Release|Any CPU = Release|Any CPU
	EndGlobalSection
	GlobalSection(ProjectConfigurationPlatforms) = postSolution
		{632BA3B8-31D8-4FA4-86F3-AFD4E4B53A48}.Debug|Any CPU.ActiveCfg = Debug|Any CPU
		{632BA3B8-31D8-4FA4-86F3-AFD4E4B53A48}.Debug|Any CPU.Build.0 = Debug|Any CPU
		{632BA3B8-31D8-4FA4-86F3-AFD4E4B53A48}.Release|Any CPU.ActiveCfg = Release|Any CPU
		{632BA3B8-31D8-4FA4-86F3-AFD4E4B53A48}.Release|Any CPU.Build.0 = Release|Any CPU
	EndGlobalSection
	GlobalSection(SolutionProperties) = preSolution
		HideSolutionNode = FALSE
	EndGlobalSection
	GlobalSection(ExtensibilityGlobals) = postSolution
		SolutionGuid = {851CF07E-DCDF-4C63-BECA-B9C29008A816}
	EndGlobalSection
EndGlobal
