
Microsoft Visual Studio Solution File, Format Version 12.00
# Visual Studio Version 17
VisualStudioVersion = 17.8.34330.188
MinimumVisualStudioVersion = 10.0.40219.1
Project("{FAE04EC0-301F-11D3-BF4B-00C04F79EFBC}") = "BlazorApp1.Server", "BlazorApp1\Server\BlazorApp1.Server.csproj", "{D0521DBF-4CC6-4C95-A73C-D357D85F0162}"
EndProject
Project("{FAE04EC0-301F-11D3-BF4B-00C04F79EFBC}") = "BlazorApp1.Client", "BlazorApp1\Client\BlazorApp1.Client.csproj", "{3DE4FC06-982E-49CD-9A2D-958A1D1282D8}"
EndProject
Project("{FAE04EC0-301F-11D3-BF4B-00C04F79EFBC}") = "BlazorApp1.Shared", "BlazorApp1\Shared\BlazorApp1.Shared.csproj", "{DE372668-15FB-4A6A-99E2-C6D09E40161E}"
EndProject
Global
	GlobalSection(SolutionConfigurationPlatforms) = preSolution
		Debug|Any CPU = Debug|Any CPU
		Release|Any CPU = Release|Any CPU
	EndGlobalSection
	GlobalSection(ProjectConfigurationPlatforms) = postSolution
		{D0521DBF-4CC6-4C95-A73C-D357D85F0162}.Debug|Any CPU.ActiveCfg = Debug|Any CPU
		{D0521DBF-4CC6-4C95-A73C-D357D85F0162}.Debug|Any CPU.Build.0 = Debug|Any CPU
		{D0521DBF-4CC6-4C95-A73C-D357D85F0162}.Release|Any CPU.ActiveCfg = Release|Any CPU
		{D0521DBF-4CC6-4C95-A73C-D357D85F0162}.Release|Any CPU.Build.0 = Release|Any CPU
		{3DE4FC06-982E-49CD-9A2D-958A1D1282D8}.Debug|Any CPU.ActiveCfg = Debug|Any CPU
		{3DE4FC06-982E-49CD-9A2D-958A1D1282D8}.Debug|Any CPU.Build.0 = Debug|Any CPU
		{3DE4FC06-982E-49CD-9A2D-958A1D1282D8}.Release|Any CPU.ActiveCfg = Release|Any CPU
		{3DE4FC06-982E-49CD-9A2D-958A1D1282D8}.Release|Any CPU.Build.0 = Release|Any CPU
		{DE372668-15FB-4A6A-99E2-C6D09E40161E}.Debug|Any CPU.ActiveCfg = Debug|Any CPU
		{DE372668-15FB-4A6A-99E2-C6D09E40161E}.Debug|Any CPU.Build.0 = Debug|Any CPU
		{DE372668-15FB-4A6A-99E2-C6D09E40161E}.Release|Any CPU.ActiveCfg = Release|Any CPU
		{DE372668-15FB-4A6A-99E2-C6D09E40161E}.Release|Any CPU.Build.0 = Release|Any CPU
	EndGlobalSection
	GlobalSection(SolutionProperties) = preSolution
		HideSolutionNode = FALSE
	EndGlobalSection
	GlobalSection(ExtensibilityGlobals) = postSolution
		SolutionGuid = {08A40ADA-FD83-4F23-93A3-7A0A45F0740F}
	EndGlobalSection
EndGlobal
