
Microsoft Visual Studio Solution File, Format Version 12.00
# Visual Studio Version 17
VisualStudioVersion = 17.8.34330.188
MinimumVisualStudioVersion = 10.0.40219.1
Project("{FAE04EC0-301F-11D3-BF4B-00C04F79EFBC}") = "BlazorApp1.Server", "BlazorApp1\Server\BlazorApp1.Server.csproj", "{49EA3BE4-E23F-450D-914B-59152EE6128B}"
EndProject
Project("{FAE04EC0-301F-11D3-BF4B-00C04F79EFBC}") = "BlazorApp1.Client", "BlazorApp1\Client\BlazorApp1.Client.csproj", "{4BCE6FEB-18FD-4D4C-A662-EBA5855C107E}"
EndProject
Project("{FAE04EC0-301F-11D3-BF4B-00C04F79EFBC}") = "BlazorApp1.Shared", "BlazorApp1\Shared\BlazorApp1.Shared.csproj", "{798FFD2D-FF55-4612-BE32-15B45BF9C1CA}"
EndProject
Global
	GlobalSection(SolutionConfigurationPlatforms) = preSolution
		Debug|Any CPU = Debug|Any CPU
		Release|Any CPU = Release|Any CPU
	EndGlobalSection
	GlobalSection(ProjectConfigurationPlatforms) = postSolution
		{49EA3BE4-E23F-450D-914B-59152EE6128B}.Debug|Any CPU.ActiveCfg = Debug|Any CPU
		{49EA3BE4-E23F-450D-914B-59152EE6128B}.Debug|Any CPU.Build.0 = Debug|Any CPU
		{49EA3BE4-E23F-450D-914B-59152EE6128B}.Release|Any CPU.ActiveCfg = Release|Any CPU
		{49EA3BE4-E23F-450D-914B-59152EE6128B}.Release|Any CPU.Build.0 = Release|Any CPU
		{4BCE6FEB-18FD-4D4C-A662-EBA5855C107E}.Debug|Any CPU.ActiveCfg = Debug|Any CPU
		{4BCE6FEB-18FD-4D4C-A662-EBA5855C107E}.Debug|Any CPU.Build.0 = Debug|Any CPU
		{4BCE6FEB-18FD-4D4C-A662-EBA5855C107E}.Release|Any CPU.ActiveCfg = Release|Any CPU
		{4BCE6FEB-18FD-4D4C-A662-EBA5855C107E}.Release|Any CPU.Build.0 = Release|Any CPU
		{798FFD2D-FF55-4612-BE32-15B45BF9C1CA}.Debug|Any CPU.ActiveCfg = Debug|Any CPU
		{798FFD2D-FF55-4612-BE32-15B45BF9C1CA}.Debug|Any CPU.Build.0 = Debug|Any CPU
		{798FFD2D-FF55-4612-BE32-15B45BF9C1CA}.Release|Any CPU.ActiveCfg = Release|Any CPU
		{798FFD2D-FF55-4612-BE32-15B45BF9C1CA}.Release|Any CPU.Build.0 = Release|Any CPU
	EndGlobalSection
	GlobalSection(SolutionProperties) = preSolution
		HideSolutionNode = FALSE
	EndGlobalSection
	GlobalSection(ExtensibilityGlobals) = postSolution
		SolutionGuid = {3C8C269D-4663-4D2C-AB61-553E6B76B58C}
	EndGlobalSection
EndGlobal
